
Microsoft Visual Studio Solution File, Format Version 12.00
# Visual Studio 14
VisualStudioVersion = 14.0.25420.1
MinimumVisualStudioVersion = 10.0.40219.1
Project("{FAE04EC0-301F-11D3-BF4B-00C04F79EFBC}") = "app", "app\app.csproj", "{F4A9E12B-F1F5-42D4-851A-092F0F2DDE08}"
EndProject
Project("{FAE04EC0-301F-11D3-BF4B-00C04F79EFBC}") = "Net.Bndy.Web", "..\lib\Net.Bndy.Web\Net.Bndy.Web.csproj", "{37D76B33-AD99-471A-A377-A2C0F4C7515D}"
EndProject
Project("{FAE04EC0-301F-11D3-BF4B-00C04F79EFBC}") = "Net.Bndy", "..\lib\Net.Bndy\Net.Bndy.csproj", "{C7B30AAB-8A3C-4B5C-86E2-28FD15254C24}"
EndProject
Project("{FAE04EC0-301F-11D3-BF4B-00C04F79EFBC}") = "models", "models\models.csproj", "{5B5B036B-93D6-4F43-9212-2A50FF3C602B}"
EndProject
Project("{FAE04EC0-301F-11D3-BF4B-00C04F79EFBC}") = "Net.Bndy.Data", "..\lib\Net.Bndy.Data\Net.Bndy.Data.csproj", "{3A11CB93-33F8-4BEF-87F7-67CBE5A211E0}"
EndProject
Global
	GlobalSection(SolutionConfigurationPlatforms) = preSolution
		Debug|Any CPU = Debug|Any CPU
		Release|Any CPU = Release|Any CPU
	EndGlobalSection
	GlobalSection(ProjectConfigurationPlatforms) = postSolution
		{F4A9E12B-F1F5-42D4-851A-092F0F2DDE08}.Debug|Any CPU.ActiveCfg = Debug|Any CPU
		{F4A9E12B-F1F5-42D4-851A-092F0F2DDE08}.Debug|Any CPU.Build.0 = Debug|Any CPU
		{F4A9E12B-F1F5-42D4-851A-092F0F2DDE08}.Release|Any CPU.ActiveCfg = Release|Any CPU
		{F4A9E12B-F1F5-42D4-851A-092F0F2DDE08}.Release|Any CPU.Build.0 = Release|Any CPU
		{37D76B33-AD99-471A-A377-A2C0F4C7515D}.Debug|Any CPU.ActiveCfg = Debug|Any CPU
		{37D76B33-AD99-471A-A377-A2C0F4C7515D}.Debug|Any CPU.Build.0 = Debug|Any CPU
		{37D76B33-AD99-471A-A377-A2C0F4C7515D}.Release|Any CPU.ActiveCfg = Release|Any CPU
		{37D76B33-AD99-471A-A377-A2C0F4C7515D}.Release|Any CPU.Build.0 = Release|Any CPU
		{C7B30AAB-8A3C-4B5C-86E2-28FD15254C24}.Debug|Any CPU.ActiveCfg = Debug|Any CPU
		{C7B30AAB-8A3C-4B5C-86E2-28FD15254C24}.Debug|Any CPU.Build.0 = Debug|Any CPU
		{C7B30AAB-8A3C-4B5C-86E2-28FD15254C24}.Release|Any CPU.ActiveCfg = Release|Any CPU
		{C7B30AAB-8A3C-4B5C-86E2-28FD15254C24}.Release|Any CPU.Build.0 = Release|Any CPU
		{5B5B036B-93D6-4F43-9212-2A50FF3C602B}.Debug|Any CPU.ActiveCfg = Debug|Any CPU
		{5B5B036B-93D6-4F43-9212-2A50FF3C602B}.Debug|Any CPU.Build.0 = Debug|Any CPU
		{5B5B036B-93D6-4F43-9212-2A50FF3C602B}.Release|Any CPU.ActiveCfg = Release|Any CPU
		{5B5B036B-93D6-4F43-9212-2A50FF3C602B}.Release|Any CPU.Build.0 = Release|Any CPU
		{3A11CB93-33F8-4BEF-87F7-67CBE5A211E0}.Debug|Any CPU.ActiveCfg = Debug|Any CPU
		{3A11CB93-33F8-4BEF-87F7-67CBE5A211E0}.Debug|Any CPU.Build.0 = Debug|Any CPU
		{3A11CB93-33F8-4BEF-87F7-67CBE5A211E0}.Release|Any CPU.ActiveCfg = Release|Any CPU
		{3A11CB93-33F8-4BEF-87F7-67CBE5A211E0}.Release|Any CPU.Build.0 = Release|Any CPU
	EndGlobalSection
	GlobalSection(SolutionProperties) = preSolution
		HideSolutionNode = FALSE
	EndGlobalSection
EndGlobal
